// !$*UTF8*$!
{
	archiveVersion = 1;
	classes = {
	};
	objectVersion = 56;
	objects = {

/* Begin PBXBuildFile section */
		DB2A16512AA48F95001C1FF2 /* Dynamic_Filtering_FetchRequestsApp.swift in Sources */ = {isa = PBXBuildFile; fileRef = DB2A16502AA48F95001C1FF2 /* Dynamic_Filtering_FetchRequestsApp.swift */; };
		DB2A16532AA48F95001C1FF2 /* ContentView.swift in Sources */ = {isa = PBXBuildFile; fileRef = DB2A16522AA48F95001C1FF2 /* ContentView.swift */; };
		DB2A16552AA48F99001C1FF2 /* Assets.xcassets in Resources */ = {isa = PBXBuildFile; fileRef = DB2A16542AA48F99001C1FF2 /* Assets.xcassets */; };
		DB2A16582AA48F99001C1FF2 /* Preview Assets.xcassets in Resources */ = {isa = PBXBuildFile; fileRef = DB2A16572AA48F99001C1FF2 /* Preview Assets.xcassets */; };
		DB2A165F2AA48FA9001C1FF2 /* DataController.swift in Sources */ = {isa = PBXBuildFile; fileRef = DB2A165E2AA48FA9001C1FF2 /* DataController.swift */; };
		DB2A16622AA48FD5001C1FF2 /* DataModel.xcdatamodeld in Sources */ = {isa = PBXBuildFile; fileRef = DB2A16602AA48FD5001C1FF2 /* DataModel.xcdatamodeld */; };
		DB969ABA2AA4929600932A29 /* Singer+CoreDataProperties.swift in Sources */ = {isa = PBXBuildFile; fileRef = DB969AB92AA4929600932A29 /* Singer+CoreDataProperties.swift */; };
		DB969ABD2AA4933000932A29 /* Singer+CoreDataProperties.swift in Sources */ = {isa = PBXBuildFile; fileRef = DB969ABB2AA4933000932A29 /* Singer+CoreDataProperties.swift */; };
		DB969ABE2AA4933000932A29 /* Singer+CoreDataClass.swift in Sources */ = {isa = PBXBuildFile; fileRef = DB969ABC2AA4933000932A29 /* Singer+CoreDataClass.swift */; };
		DB969AC02AA494B100932A29 /* FilteredList.swift in Sources */ = {isa = PBXBuildFile; fileRef = DB969ABF2AA494B100932A29 /* FilteredList.swift */; };
/* End PBXBuildFile section */

/* Begin PBXFileReference section */
		DB2A164D2AA48F95001C1FF2 /* Dynamic-Filtering-FetchRequests.app */ = {isa = PBXFileReference; explicitFileType = wrapper.application; includeInIndex = 0; path = "Dynamic-Filtering-FetchRequests.app"; sourceTree = BUILT_PRODUCTS_DIR; };
		DB2A16502AA48F95001C1FF2 /* Dynamic_Filtering_FetchRequestsApp.swift */ = {isa = PBXFileReference; lastKnownFileType = sourcecode.swift; path = Dynamic_Filtering_FetchRequestsApp.swift; sourceTree = "<group>"; };
		DB2A16522AA48F95001C1FF2 /* ContentView.swift */ = {isa = PBXFileReference; lastKnownFileType = sourcecode.swift; path = ContentView.swift; sourceTree = "<group>"; };
		DB2A16542AA48F99001C1FF2 /* Assets.xcassets */ = {isa = PBXFileReference; lastKnownFileType = folder.assetcatalog; path = Assets.xcassets; sourceTree = "<group>"; };
		DB2A16572AA48F99001C1FF2 /* Preview Assets.xcassets */ = {isa = PBXFileReference; lastKnownFileType = folder.assetcatalog; path = "Preview Assets.xcassets"; sourceTree = "<group>"; };
		DB2A165E2AA48FA9001C1FF2 /* DataController.swift */ = {isa = PBXFileReference; lastKnownFileType = sourcecode.swift; path = DataController.swift; sourceTree = "<group>"; };
		DB2A16612AA48FD5001C1FF2 /* DataModel.xcdatamodel */ = {isa = PBXFileReference; lastKnownFileType = wrapper.xcdatamodel; path = DataModel.xcdatamodel; sourceTree = "<group>"; };
		DB969AB92AA4929600932A29 /* Singer+CoreDataProperties.swift */ = {isa = PBXFileReference; lastKnownFileType = sourcecode.swift; path = "Singer+CoreDataProperties.swift"; sourceTree = "<group>"; };
		DB969ABB2AA4933000932A29 /* Singer+CoreDataProperties.swift */ = {isa = PBXFileReference; fileEncoding = 4; lastKnownFileType = sourcecode.swift; path = "Singer+CoreDataProperties.swift"; sourceTree = "<group>"; };
		DB969ABC2AA4933000932A29 /* Singer+CoreDataClass.swift */ = {isa = PBXFileReference; fileEncoding = 4; lastKnownFileType = sourcecode.swift; path = "Singer+CoreDataClass.swift"; sourceTree = "<group>"; };
		DB969ABF2AA494B100932A29 /* FilteredList.swift */ = {isa = PBXFileReference; lastKnownFileType = sourcecode.swift; path = FilteredList.swift; sourceTree = "<group>"; };
/* End PBXFileReference section */

/* Begin PBXFrameworksBuildPhase section */
		DB2A164A2AA48F95001C1FF2 /* Frameworks */ = {
			isa = PBXFrameworksBuildPhase;
			buildActionMask = 2147483647;
			files = (
			);
			runOnlyForDeploymentPostprocessing = 0;
		};
/* End PBXFrameworksBuildPhase section */

/* Begin PBXGroup section */
		DB2A16442AA48F95001C1FF2 = {
			isa = PBXGroup;
			children = (
				DB2A164F2AA48F95001C1FF2 /* Dynamic-Filtering-FetchRequests */,
				DB2A164E2AA48F95001C1FF2 /* Products */,
			);
			sourceTree = "<group>";
		};
		DB2A164E2AA48F95001C1FF2 /* Products */ = {
			isa = PBXGroup;
			children = (
				DB2A164D2AA48F95001C1FF2 /* Dynamic-Filtering-FetchRequests.app */,
			);
			name = Products;
			sourceTree = "<group>";
		};
		DB2A164F2AA48F95001C1FF2 /* Dynamic-Filtering-FetchRequests */ = {
			isa = PBXGroup;
			children = (
				DB969ABC2AA4933000932A29 /* Singer+CoreDataClass.swift */,
				DB969AB92AA4929600932A29 /* Singer+CoreDataProperties.swift */,
				DB2A16502AA48F95001C1FF2 /* Dynamic_Filtering_FetchRequestsApp.swift */,
				DB2A16522AA48F95001C1FF2 /* ContentView.swift */,
				DB969ABF2AA494B100932A29 /* FilteredList.swift */,
				DB2A165E2AA48FA9001C1FF2 /* DataController.swift */,
				DB969ABB2AA4933000932A29 /* Singer+CoreDataProperties.swift */,
				DB2A16602AA48FD5001C1FF2 /* DataModel.xcdatamodeld */,
				DB2A16542AA48F99001C1FF2 /* Assets.xcassets */,
				DB2A16562AA48F99001C1FF2 /* Preview Content */,
			);
			path = "Dynamic-Filtering-FetchRequests";
			sourceTree = "<group>";
		};
		DB2A16562AA48F99001C1FF2 /* Preview Content */ = {
			isa = PBXGroup;
			children = (
				DB2A16572AA48F99001C1FF2 /* Preview Assets.xcassets */,
			);
			path = "Preview Content";
			sourceTree = "<group>";
		};
/* End PBXGroup section */

/* Begin PBXNativeTarget section */
		DB2A164C2AA48F95001C1FF2 /* Dynamic-Filtering-FetchRequests */ = {
			isa = PBXNativeTarget;
			buildConfigurationList = DB2A165B2AA48F99001C1FF2 /* Build configuration list for PBXNativeTarget "Dynamic-Filtering-FetchRequests" */;
			buildPhases = (
				DB2A16492AA48F95001C1FF2 /* Sources */,
				DB2A164A2AA48F95001C1FF2 /* Frameworks */,
				DB2A164B2AA48F95001C1FF2 /* Resources */,
			);
			buildRules = (
			);
			dependencies = (
			);
			name = "Dynamic-Filtering-FetchRequests";
			productName = "Dynamic-Filtering-FetchRequests";
			productReference = DB2A164D2AA48F95001C1FF2 /* Dynamic-Filtering-FetchRequests.app */;
			productType = "com.apple.product-type.application";
		};
/* End PBXNativeTarget section */

/* Begin PBXProject section */
		DB2A16452AA48F95001C1FF2 /* Project object */ = {
			isa = PBXProject;
			attributes = {
				BuildIndependentTargetsInParallel = 1;
				LastSwiftUpdateCheck = 1500;
				LastUpgradeCheck = 1500;
				TargetAttributes = {
					DB2A164C2AA48F95001C1FF2 = {
						CreatedOnToolsVersion = 15.0;
					};
				};
			};
			buildConfigurationList = DB2A16482AA48F95001C1FF2 /* Build configuration list for PBXProject "Dynamic-Filtering-FetchRequests" */;
			compatibilityVersion = "Xcode 14.0";
			developmentRegion = en;
			hasScannedForEncodings = 0;
			knownRegions = (
				en,
				Base,
			);
			mainGroup = DB2A16442AA48F95001C1FF2;
			productRefGroup = DB2A164E2AA48F95001C1FF2 /* Products */;
			projectDirPath = "";
			projectRoot = "";
			targets = (
				DB2A164C2AA48F95001C1FF2 /* Dynamic-Filtering-FetchRequests */,
			);
		};
/* End PBXProject section */

/* Begin PBXResourcesBuildPhase section */
		DB2A164B2AA48F95001C1FF2 /* Resources */ = {
			isa = PBXResourcesBuildPhase;
			buildActionMask = 2147483647;
			files = (
				DB2A16582AA48F99001C1FF2 /* Preview Assets.xcassets in Resources */,
				DB2A16552AA48F99001C1FF2 /* Assets.xcassets in Resources */,
			);
			runOnlyForDeploymentPostprocessing = 0;
		};
/* End PBXResourcesBuildPhase section */

/* Begin PBXSourcesBuildPhase section */
		DB2A16492AA48F95001C1FF2 /* Sources */ = {
			isa = PBXSourcesBuildPhase;
			buildActionMask = 2147483647;
			files = (
				DB969AC02AA494B100932A29 /* FilteredList.swift in Sources */,
				DB969ABE2AA4933000932A29 /* Singer+CoreDataClass.swift in Sources */,
				DB969ABA2AA4929600932A29 /* Singer+CoreDataProperties.swift in Sources */,
				DB969ABD2AA4933000932A29 /* Singer+CoreDataProperties.swift in Sources */,
				DB2A16532AA48F95001C1FF2 /* ContentView.swift in Sources */,
				DB2A16622AA48FD5001C1FF2 /* DataModel.xcdatamodeld in Sources */,
				DB2A165F2AA48FA9001C1FF2 /* DataController.swift in Sources */,
				DB2A16512AA48F95001C1FF2 /* Dynamic_Filtering_FetchRequestsApp.swift in Sources */,
			);
			runOnlyForDeploymentPostprocessing = 0;
		};
/* End PBXSourcesBuildPhase section */

/* Begin XCBuildConfiguration section */
		DB2A16592AA48F99001C1FF2 /* Debug */ = {
			isa = XCBuildConfiguration;
			buildSettings = {
				ALWAYS_SEARCH_USER_PATHS = NO;
				ASSETCATALOG_COMPILER_GENERATE_SWIFT_ASSET_SYMBOL_EXTENSIONS = YES;
				CLANG_ANALYZER_NONNULL = YES;
				CLANG_ANALYZER_NUMBER_OBJECT_CONVERSION = YES_AGGRESSIVE;
				CLANG_CXX_LANGUAGE_STANDARD = "gnu++20";
				CLANG_ENABLE_MODULES = YES;
				CLANG_ENABLE_OBJC_ARC = YES;
				CLANG_ENABLE_OBJC_WEAK = YES;
				CLANG_WARN_BLOCK_CAPTURE_AUTORELEASING = YES;
				CLANG_WARN_BOOL_CONVERSION = YES;
				CLANG_WARN_COMMA = YES;
				CLANG_WARN_CONSTANT_CONVERSION = YES;
				CLANG_WARN_DEPRECATED_OBJC_IMPLEMENTATIONS = YES;
				CLANG_WARN_DIRECT_OBJC_ISA_USAGE = YES_ERROR;
				CLANG_WARN_DOCUMENTATION_COMMENTS = YES;
				CLANG_WARN_EMPTY_BODY = YES;
				CLANG_WARN_ENUM_CONVERSION = YES;
				CLANG_WARN_INFINITE_RECURSION = YES;
				CLANG_WARN_INT_CONVERSION = YES;
				CLANG_WARN_NON_LITERAL_NULL_CONVERSION = YES;
				CLANG_WARN_OBJC_IMPLICIT_RETAIN_SELF = YES;
				CLANG_WARN_OBJC_LITERAL_CONVERSION = YES;
				CLANG_WARN_OBJC_ROOT_CLASS = YES_ERROR;
				CLANG_WARN_QUOTED_INCLUDE_IN_FRAMEWORK_HEADER = YES;
				CLANG_WARN_RANGE_LOOP_ANALYSIS = YES;
				CLANG_WARN_STRICT_PROTOTYPES = YES;
				CLANG_WARN_SUSPICIOUS_MOVE = YES;
				CLANG_WARN_UNGUARDED_AVAILABILITY = YES_AGGRESSIVE;
				CLANG_WARN_UNREACHABLE_CODE = YES;
				CLANG_WARN__DUPLICATE_METHOD_MATCH = YES;
				COPY_PHASE_STRIP = NO;
				DEBUG_INFORMATION_FORMAT = dwarf;
				ENABLE_STRICT_OBJC_MSGSEND = YES;
				ENABLE_TESTABILITY = YES;
				ENABLE_USER_SCRIPT_SANDBOXING = YES;
				GCC_C_LANGUAGE_STANDARD = gnu17;
				GCC_DYNAMIC_NO_PIC = NO;
				GCC_NO_COMMON_BLOCKS = YES;
				GCC_OPTIMIZATION_LEVEL = 0;
				GCC_PREPROCESSOR_DEFINITIONS = (
					"DEBUG=1",
					"$(inherited)",
				);
				GCC_WARN_64_TO_32_BIT_CONVERSION = YES;
				GCC_WARN_ABOUT_RETURN_TYPE = YES_ERROR;
				GCC_WARN_UNDECLARED_SELECTOR = YES;
				GCC_WARN_UNINITIALIZED_AUTOS = YES_AGGRESSIVE;
				GCC_WARN_UNUSED_FUNCTION = YES;
				GCC_WARN_UNUSED_VARIABLE = YES;
				IPHONEOS_DEPLOYMENT_TARGET = 17.0;
				LOCALIZATION_PREFERS_STRING_CATALOGS = YES;
				MTL_ENABLE_DEBUG_INFO = INCLUDE_SOURCE;
				MTL_FAST_MATH = YES;
				ONLY_ACTIVE_ARCH = YES;
				SDKROOT = iphoneos;
				SWIFT_ACTIVE_COMPILATION_CONDITIONS = "DEBUG $(inherited)";
				SWIFT_OPTIMIZATION_LEVEL = "-Onone";
			};
			name = Debug;
		};
		DB2A165A2AA48F99001C1FF2 /* Release */ = {
			isa = XCBuildConfiguration;
			buildSettings = {
				ALWAYS_SEARCH_USER_PATHS = NO;
				ASSETCATALOG_COMPILER_GENERATE_SWIFT_ASSET_SYMBOL_EXTENSIONS = YES;
				CLANG_ANALYZER_NONNULL = YES;
				CLANG_ANALYZER_NUMBER_OBJECT_CONVERSION = YES_AGGRESSIVE;
				CLANG_CXX_LANGUAGE_STANDARD = "gnu++20";
				CLANG_ENABLE_MODULES = YES;
				CLANG_ENABLE_OBJC_ARC = YES;
				CLANG_ENABLE_OBJC_WEAK = YES;
				CLANG_WARN_BLOCK_CAPTURE_AUTORELEASING = YES;
				CLANG_WARN_BOOL_CONVERSION = YES;
				CLANG_WARN_COMMA = YES;
				CLANG_WARN_CONSTANT_CONVERSION = YES;
				CLANG_WARN_DEPRECATED_OBJC_IMPLEMENTATIONS = YES;
				CLANG_WARN_DIRECT_OBJC_ISA_USAGE = YES_ERROR;
				CLANG_WARN_DOCUMENTATION_COMMENTS = YES;
				CLANG_WARN_EMPTY_BODY = YES;
				CLANG_WARN_ENUM_CONVERSION = YES;
				CLANG_WARN_INFINITE_RECURSION = YES;
				CLANG_WARN_INT_CONVERSION = YES;
				CLANG_WARN_NON_LITERAL_NULL_CONVERSION = YES;
				CLANG_WARN_OBJC_IMPLICIT_RETAIN_SELF = YES;
				CLANG_WARN_OBJC_LITERAL_CONVERSION = YES;
				CLANG_WARN_OBJC_ROOT_CLASS = YES_ERROR;
				CLANG_WARN_QUOTED_INCLUDE_IN_FRAMEWORK_HEADER = YES;
				CLANG_WARN_RANGE_LOOP_ANALYSIS = YES;
				CLANG_WARN_STRICT_PROTOTYPES = YES;
				CLANG_WARN_SUSPICIOUS_MOVE = YES;
				CLANG_WARN_UNGUARDED_AVAILABILITY = YES_AGGRESSIVE;
				CLANG_WARN_UNREACHABLE_CODE = YES;
				CLANG_WARN__DUPLICATE_METHOD_MATCH = YES;
				COPY_PHASE_STRIP = NO;
				DEBUG_INFORMATION_FORMAT = "dwarf-with-dsym";
				ENABLE_NS_ASSERTIONS = NO;
				ENABLE_STRICT_OBJC_MSGSEND = YES;
				ENABLE_USER_SCRIPT_SANDBOXING = YES;
				GCC_C_LANGUAGE_STANDARD = gnu17;
				GCC_NO_COMMON_BLOCKS = YES;
				GCC_WARN_64_TO_32_BIT_CONVERSION = YES;
				GCC_WARN_ABOUT_RETURN_TYPE = YES_ERROR;
				GCC_WARN_UNDECLARED_SELECTOR = YES;
				GCC_WARN_UNINITIALIZED_AUTOS = YES_AGGRESSIVE;
				GCC_WARN_UNUSED_FUNCTION = YES;
				GCC_WARN_UNUSED_VARIABLE = YES;
				IPHONEOS_DEPLOYMENT_TARGET = 17.0;
				LOCALIZATION_PREFERS_STRING_CATALOGS = YES;
				MTL_ENABLE_DEBUG_INFO = NO;
				MTL_FAST_MATH = YES;
				SDKROOT = iphoneos;
				SWIFT_COMPILATION_MODE = wholemodule;
				VALIDATE_PRODUCT = YES;
			};
			name = Release;
		};
		DB2A165C2AA48F99001C1FF2 /* Debug */ = {
			isa = XCBuildConfiguration;
			buildSettings = {
				ASSETCATALOG_COMPILER_APPICON_NAME = AppIcon;
				ASSETCATALOG_COMPILER_GLOBAL_ACCENT_COLOR_NAME = AccentColor;
				CODE_SIGN_STYLE = Automatic;
				CURRENT_PROJECT_VERSION = 1;
				DEVELOPMENT_ASSET_PATHS = "\"Dynamic-Filtering-FetchRequests/Preview Content\"";
				DEVELOPMENT_TEAM = LK2358MPL8;
				ENABLE_PREVIEWS = YES;
				GENERATE_INFOPLIST_FILE = YES;
				INFOPLIST_KEY_UIApplicationSceneManifest_Generation = YES;
				INFOPLIST_KEY_UIApplicationSupportsIndirectInputEvents = YES;
				INFOPLIST_KEY_UILaunchScreen_Generation = YES;
				INFOPLIST_KEY_UISupportedInterfaceOrientations_iPad = "UIInterfaceOrientationPortrait UIInterfaceOrientationPortraitUpsideDown UIInterfaceOrientationLandscapeLeft UIInterfaceOrientationLandscapeRight";
				INFOPLIST_KEY_UISupportedInterfaceOrientations_iPhone = "UIInterfaceOrientationPortrait UIInterfaceOrientationLandscapeLeft UIInterfaceOrientationLandscapeRight";
				LD_RUNPATH_SEARCH_PATHS = (
					"$(inherited)",
					"@executable_path/Frameworks",
				);
				MARKETING_VERSION = 1.0;
				PRODUCT_BUNDLE_IDENTIFIER = "fr.mathieu-dubart.Dynamic-Filtering-FetchRequests";
				PRODUCT_NAME = "$(TARGET_NAME)";
				SWIFT_EMIT_LOC_STRINGS = YES;
				SWIFT_VERSION = 5.0;
				TARGETED_DEVICE_FAMILY = "1,2";
			};
			name = Debug;
		};
		DB2A165D2AA48F99001C1FF2 /* Release */ = {
			isa = XCBuildConfiguration;
			buildSettings = {
				ASSETCATALOG_COMPILER_APPICON_NAME = AppIcon;
				ASSETCATALOG_COMPILER_GLOBAL_ACCENT_COLOR_NAME = AccentColor;
				CODE_SIGN_STYLE = Automatic;
				CURRENT_PROJECT_VERSION = 1;
				DEVELOPMENT_ASSET_PATHS = "\"Dynamic-Filtering-FetchRequests/Preview Content\"";
				DEVELOPMENT_TEAM = LK2358MPL8;
				ENABLE_PREVIEWS = YES;
				GENERATE_INFOPLIST_FILE = YES;
				INFOPLIST_KEY_UIApplicationSceneManifest_Generation = YES;
				INFOPLIST_KEY_UIApplicationSupportsIndirectInputEvents = YES;
				INFOPLIST_KEY_UILaunchScreen_Generation = YES;
				INFOPLIST_KEY_UISupportedInterfaceOrientations_iPad = "UIInterfaceOrientationPortrait UIInterfaceOrientationPortraitUpsideDown UIInterfaceOrientationLandscapeLeft UIInterfaceOrientationLandscapeRight";
				INFOPLIST_KEY_UISupportedInterfaceOrientations_iPhone = "UIInterfaceOrientationPortrait UIInterfaceOrientationLandscapeLeft UIInterfaceOrientationLandscapeRight";
				LD_RUNPATH_SEARCH_PATHS = (
					"$(inherited)",
					"@executable_path/Frameworks",
				);
				MARKETING_VERSION = 1.0;
				PRODUCT_BUNDLE_IDENTIFIER = "fr.mathieu-dubart.Dynamic-Filtering-FetchRequests";
				PRODUCT_NAME = "$(TARGET_NAME)";
				SWIFT_EMIT_LOC_STRINGS = YES;
				SWIFT_VERSION = 5.0;
				TARGETED_DEVICE_FAMILY = "1,2";
			};
			name = Release;
		};
/* End XCBuildConfiguration section */

/* Begin XCConfigurationList section */
		DB2A16482AA48F95001C1FF2 /* Build configuration list for PBXProject "Dynamic-Filtering-FetchRequests" */ = {
			isa = XCConfigurationList;
			buildConfigurations = (
				DB2A16592AA48F99001C1FF2 /* Debug */,
				DB2A165A2AA48F99001C1FF2 /* Release */,
			);
			defaultConfigurationIsVisible = 0;
			defaultConfigurationName = Release;
		};
		DB2A165B2AA48F99001C1FF2 /* Build configuration list for PBXNativeTarget "Dynamic-Filtering-FetchRequests" */ = {
			isa = XCConfigurationList;
			buildConfigurations = (
				DB2A165C2AA48F99001C1FF2 /* Debug */,
				DB2A165D2AA48F99001C1FF2 /* Release */,
			);
			defaultConfigurationIsVisible = 0;
			defaultConfigurationName = Release;
		};
/* End XCConfigurationList section */

/* Begin XCVersionGroup section */
		DB2A16602AA48FD5001C1FF2 /* DataModel.xcdatamodeld */ = {
			isa = XCVersionGroup;
			children = (
				DB2A16612AA48FD5001C1FF2 /* DataModel.xcdatamodel */,
			);
			currentVersion = DB2A16612AA48FD5001C1FF2 /* DataModel.xcdatamodel */;
			path = DataModel.xcdatamodeld;
			sourceTree = "<group>";
			versionGroupType = wrapper.xcdatamodel;
		};
/* End XCVersionGroup section */
	};
	rootObject = DB2A16452AA48F95001C1FF2 /* Project object */;
}
